
Microsoft Visual Studio Solution File, Format Version 12.00
# Visual Studio Version 16
VisualStudioVersion = 16.0.30523.141
MinimumVisualStudioVersion = 10.0.40219.1
Project("{FAE04EC0-301F-11D3-BF4B-00C04F79EFBC}") = "Mixer", "Mixer\Mixer.csproj", "{D2EBEFF3-E86D-4FEA-8F2B-253BC2FEF9DB}"
EndProject
Global
	GlobalSection(SolutionConfigurationPlatforms) = preSolution
		Debug|Any CPU = Debug|Any CPU
		Release|Any CPU = Release|Any CPU
	EndGlobalSection
	GlobalSection(ProjectConfigurationPlatforms) = postSolution
		{D2EBEFF3-E86D-4FEA-8F2B-253BC2FEF9DB}.Debug|Any CPU.ActiveCfg = Debug|Any CPU
		{D2EBEFF3-E86D-4FEA-8F2B-253BC2FEF9DB}.Debug|Any CPU.Build.0 = Debug|Any CPU
		{D2EBEFF3-E86D-4FEA-8F2B-253BC2FEF9DB}.Release|Any CPU.ActiveCfg = Release|Any CPU
		{D2EBEFF3-E86D-4FEA-8F2B-253BC2FEF9DB}.Release|Any CPU.Build.0 = Release|Any CPU
	EndGlobalSection
	GlobalSection(SolutionProperties) = preSolution
		HideSolutionNode = FALSE
	EndGlobalSection
	GlobalSection(ExtensibilityGlobals) = postSolution
		SolutionGuid = {7BAEF485-0B03-42F7-82B2-BEA7F92257E2}
	EndGlobalSection
EndGlobal
